
Microsoft Visual Studio Solution File, Format Version 12.00
# Visual Studio 14
VisualStudioVersion = 14.0.25420.1
MinimumVisualStudioVersion = 10.0.40219.1
Project("{FAE04EC0-301F-11D3-BF4B-00C04F79EFBC}") = "ITD.Monitor.UI", "UI_Monitor_Ver2\ITD.Monitor.UI.csproj", "{2C1CE2FD-7418-416B-B41F-11E6D0824A10}"
EndProject
Project("{FAE04EC0-301F-11D3-BF4B-00C04F79EFBC}") = "ITD.Monitor.Data", "ITD.Monitor.Data\ITD.Monitor.Data.csproj", "{7ACC4EF0-6223-469E-A41E-EEF10B9EFEFA}"
EndProject
Project("{FAE04EC0-301F-11D3-BF4B-00C04F79EFBC}") = "ITD.Monitor.Common", "ITD.Monitor.Common\ITD.Monitor.Common.csproj", "{CCD6C029-7205-40A3-A02C-759AD800D39C}"
EndProject
Project("{FAE04EC0-301F-11D3-BF4B-00C04F79EFBC}") = "ITD.Minitor.ViewModel", "ITD.Minitor.ViewModel\ITD.Minitor.ViewModel.csproj", "{0320EA95-1C6A-4CA6-B597-89DE6A0AB256}"
EndProject
Global
	GlobalSection(SolutionConfigurationPlatforms) = preSolution
		Debug|Any CPU = Debug|Any CPU
		Release|Any CPU = Release|Any CPU
	EndGlobalSection
	GlobalSection(ProjectConfigurationPlatforms) = postSolution
		{2C1CE2FD-7418-416B-B41F-11E6D0824A10}.Debug|Any CPU.ActiveCfg = Debug|Any CPU
		{2C1CE2FD-7418-416B-B41F-11E6D0824A10}.Debug|Any CPU.Build.0 = Debug|Any CPU
		{2C1CE2FD-7418-416B-B41F-11E6D0824A10}.Release|Any CPU.ActiveCfg = Release|Any CPU
		{2C1CE2FD-7418-416B-B41F-11E6D0824A10}.Release|Any CPU.Build.0 = Release|Any CPU
		{7ACC4EF0-6223-469E-A41E-EEF10B9EFEFA}.Debug|Any CPU.ActiveCfg = Debug|Any CPU
		{7ACC4EF0-6223-469E-A41E-EEF10B9EFEFA}.Debug|Any CPU.Build.0 = Debug|Any CPU
		{7ACC4EF0-6223-469E-A41E-EEF10B9EFEFA}.Release|Any CPU.ActiveCfg = Release|Any CPU
		{7ACC4EF0-6223-469E-A41E-EEF10B9EFEFA}.Release|Any CPU.Build.0 = Release|Any CPU
		{CCD6C029-7205-40A3-A02C-759AD800D39C}.Debug|Any CPU.ActiveCfg = Debug|Any CPU
		{CCD6C029-7205-40A3-A02C-759AD800D39C}.Debug|Any CPU.Build.0 = Debug|Any CPU
		{CCD6C029-7205-40A3-A02C-759AD800D39C}.Release|Any CPU.ActiveCfg = Release|Any CPU
		{CCD6C029-7205-40A3-A02C-759AD800D39C}.Release|Any CPU.Build.0 = Release|Any CPU
		{0320EA95-1C6A-4CA6-B597-89DE6A0AB256}.Debug|Any CPU.ActiveCfg = Debug|Any CPU
		{0320EA95-1C6A-4CA6-B597-89DE6A0AB256}.Debug|Any CPU.Build.0 = Debug|Any CPU
		{0320EA95-1C6A-4CA6-B597-89DE6A0AB256}.Release|Any CPU.ActiveCfg = Release|Any CPU
		{0320EA95-1C6A-4CA6-B597-89DE6A0AB256}.Release|Any CPU.Build.0 = Release|Any CPU
	EndGlobalSection
	GlobalSection(SolutionProperties) = preSolution
		HideSolutionNode = FALSE
	EndGlobalSection
EndGlobal
